// !$*UTF8*$!
{
	archiveVersion = 1;
	classes = {
	};
	objectVersion = 56;
	objects = {

/* Begin PBXBuildFile section */
		0141FD522A0EEDB100F1DCD1 /* Date.swift in Sources */ = {isa = PBXBuildFile; fileRef = 0141FD512A0EEDB100F1DCD1 /* Date.swift */; };
		0141FD542A0EEDC800F1DCD1 /* URL.swift in Sources */ = {isa = PBXBuildFile; fileRef = 0141FD532A0EEDC800F1DCD1 /* URL.swift */; };
		0141FD572A0EEDE300F1DCD1 /* Item.swift in Sources */ = {isa = PBXBuildFile; fileRef = 0141FD562A0EEDE300F1DCD1 /* Item.swift */; };
		0141FD5A2A0EEDFD00F1DCD1 /* TOTP.swift in Sources */ = {isa = PBXBuildFile; fileRef = 0141FD592A0EEDFD00F1DCD1 /* TOTP.swift */; };
		0141FD5E2A0EEE4700F1DCD1 /* Link.swift in Sources */ = {isa = PBXBuildFile; fileRef = 0141FD5D2A0EEE4700F1DCD1 /* Link.swift */; };
		0141FD602A0EEE5E00F1DCD1 /* PrivateKey.swift in Sources */ = {isa = PBXBuildFile; fileRef = 0141FD5F2A0EEE5E00F1DCD1 /* PrivateKey.swift */; };
		0141FD622A0EEE7F00F1DCD1 /* Server.swift in Sources */ = {isa = PBXBuildFile; fileRef = 0141FD612A0EEE7F00F1DCD1 /* Server.swift */; };
		0141FD662A0EF05200F1DCD1 /* ImageSecure.swift in Sources */ = {isa = PBXBuildFile; fileRef = 0141FD652A0EF05200F1DCD1 /* ImageSecure.swift */; };
		0141FD682A0EF05A00F1DCD1 /* VideoSecure.swift in Sources */ = {isa = PBXBuildFile; fileRef = 0141FD672A0EF05A00F1DCD1 /* VideoSecure.swift */; };
		0141FD6A2A0EF07400F1DCD1 /* RequestSecure.swift in Sources */ = {isa = PBXBuildFile; fileRef = 0141FD692A0EF07400F1DCD1 /* RequestSecure.swift */; };
		0141FD6F2A0EF2B200F1DCD1 /* DetailView.swift in Sources */ = {isa = PBXBuildFile; fileRef = 0141FD6E2A0EF2B200F1DCD1 /* DetailView.swift */; };
		0141FD712A0EF3E700F1DCD1 /* ItemList.swift in Sources */ = {isa = PBXBuildFile; fileRef = 0141FD702A0EF3E700F1DCD1 /* ItemList.swift */; };
		0141FD742A0EF78300F1DCD1 /* General.swift in Sources */ = {isa = PBXBuildFile; fileRef = 0141FD732A0EF78300F1DCD1 /* General.swift */; };
		0141FD762A0EF78E00F1DCD1 /* PageLength.swift in Sources */ = {isa = PBXBuildFile; fileRef = 0141FD752A0EF78E00F1DCD1 /* PageLength.swift */; };
		0141FD782A0EF9A400F1DCD1 /* ContentView.swift in Sources */ = {isa = PBXBuildFile; fileRef = 0141FD772A0EF9A400F1DCD1 /* ContentView.swift */; };
		0141FD7A2A0EF9E100F1DCD1 /* Settings.swift in Sources */ = {isa = PBXBuildFile; fileRef = 0141FD792A0EF9E100F1DCD1 /* Settings.swift */; };
		0141FD7D2A0EFA6900F1DCD1 /* ColumnStepper.swift in Sources */ = {isa = PBXBuildFile; fileRef = 0141FD7C2A0EFA6900F1DCD1 /* ColumnStepper.swift */; };
		0141FD7F2A0EFA9800F1DCD1 /* GridItemView.swift in Sources */ = {isa = PBXBuildFile; fileRef = 0141FD7E2A0EFA9800F1DCD1 /* GridItemView.swift */; };
		0141FD822A0F338600F1DCD1 /* Async.swift in Sources */ = {isa = PBXBuildFile; fileRef = 0141FD812A0F338600F1DCD1 /* Async.swift */; };
		019CB3C22A0EE98900A44D5A /* MonitorApp.swift in Sources */ = {isa = PBXBuildFile; fileRef = 019CB3C12A0EE98900A44D5A /* MonitorApp.swift */; };
		019CB3C62A0EE98A00A44D5A /* Assets.xcassets in Resources */ = {isa = PBXBuildFile; fileRef = 019CB3C52A0EE98A00A44D5A /* Assets.xcassets */; };
		019CB3C92A0EE98A00A44D5A /* Preview Assets.xcassets in Resources */ = {isa = PBXBuildFile; fileRef = 019CB3C82A0EE98A00A44D5A /* Preview Assets.xcassets */; };
		019CB3D32A0EE98A00A44D5A /* MonitorTests.swift in Sources */ = {isa = PBXBuildFile; fileRef = 019CB3D22A0EE98A00A44D5A /* MonitorTests.swift */; };
		019CB3DD2A0EE98A00A44D5A /* MonitorUITests.swift in Sources */ = {isa = PBXBuildFile; fileRef = 019CB3DC2A0EE98A00A44D5A /* MonitorUITests.swift */; };
		019CB3DF2A0EE98A00A44D5A /* MonitorUITestsLaunchTests.swift in Sources */ = {isa = PBXBuildFile; fileRef = 019CB3DE2A0EE98A00A44D5A /* MonitorUITestsLaunchTests.swift */; };
		019CB3ED2A0EEBF900A44D5A /* App.swift in Sources */ = {isa = PBXBuildFile; fileRef = 019CB3EC2A0EEBF900A44D5A /* App.swift */; };
/* End PBXBuildFile section */

/* Begin PBXContainerItemProxy section */
		019CB3CF2A0EE98A00A44D5A /* PBXContainerItemProxy */ = {
			isa = PBXContainerItemProxy;
			containerPortal = 019CB3B62A0EE98900A44D5A /* Project object */;
			proxyType = 1;
			remoteGlobalIDString = 019CB3BD2A0EE98900A44D5A;
			remoteInfo = Monitor;
		};
		019CB3D92A0EE98A00A44D5A /* PBXContainerItemProxy */ = {
			isa = PBXContainerItemProxy;
			containerPortal = 019CB3B62A0EE98900A44D5A /* Project object */;
			proxyType = 1;
			remoteGlobalIDString = 019CB3BD2A0EE98900A44D5A;
			remoteInfo = Monitor;
		};
/* End PBXContainerItemProxy section */

/* Begin PBXFileReference section */
		0141FD512A0EEDB100F1DCD1 /* Date.swift */ = {isa = PBXFileReference; lastKnownFileType = sourcecode.swift; path = Date.swift; sourceTree = "<group>"; };
		0141FD532A0EEDC800F1DCD1 /* URL.swift */ = {isa = PBXFileReference; lastKnownFileType = sourcecode.swift; path = URL.swift; sourceTree = "<group>"; };
		0141FD562A0EEDE300F1DCD1 /* Item.swift */ = {isa = PBXFileReference; lastKnownFileType = sourcecode.swift; path = Item.swift; sourceTree = "<group>"; };
		0141FD592A0EEDFD00F1DCD1 /* TOTP.swift */ = {isa = PBXFileReference; lastKnownFileType = sourcecode.swift; path = TOTP.swift; sourceTree = "<group>"; };
		0141FD5D2A0EEE4700F1DCD1 /* Link.swift */ = {isa = PBXFileReference; lastKnownFileType = sourcecode.swift; path = Link.swift; sourceTree = "<group>"; };
		0141FD5F2A0EEE5E00F1DCD1 /* PrivateKey.swift */ = {isa = PBXFileReference; lastKnownFileType = sourcecode.swift; path = PrivateKey.swift; sourceTree = "<group>"; };
		0141FD612A0EEE7F00F1DCD1 /* Server.swift */ = {isa = PBXFileReference; lastKnownFileType = sourcecode.swift; path = Server.swift; sourceTree = "<group>"; };
		0141FD652A0EF05200F1DCD1 /* ImageSecure.swift */ = {isa = PBXFileReference; lastKnownFileType = sourcecode.swift; path = ImageSecure.swift; sourceTree = "<group>"; };
		0141FD672A0EF05A00F1DCD1 /* VideoSecure.swift */ = {isa = PBXFileReference; lastKnownFileType = sourcecode.swift; path = VideoSecure.swift; sourceTree = "<group>"; };
		0141FD692A0EF07400F1DCD1 /* RequestSecure.swift */ = {isa = PBXFileReference; lastKnownFileType = sourcecode.swift; path = RequestSecure.swift; sourceTree = "<group>"; };
		0141FD6E2A0EF2B200F1DCD1 /* DetailView.swift */ = {isa = PBXFileReference; lastKnownFileType = sourcecode.swift; path = DetailView.swift; sourceTree = "<group>"; };
		0141FD702A0EF3E700F1DCD1 /* ItemList.swift */ = {isa = PBXFileReference; lastKnownFileType = sourcecode.swift; path = ItemList.swift; sourceTree = "<group>"; };
		0141FD732A0EF78300F1DCD1 /* General.swift */ = {isa = PBXFileReference; lastKnownFileType = sourcecode.swift; path = General.swift; sourceTree = "<group>"; };
		0141FD752A0EF78E00F1DCD1 /* PageLength.swift */ = {isa = PBXFileReference; lastKnownFileType = sourcecode.swift; path = PageLength.swift; sourceTree = "<group>"; };
		0141FD772A0EF9A400F1DCD1 /* ContentView.swift */ = {isa = PBXFileReference; lastKnownFileType = sourcecode.swift; path = ContentView.swift; sourceTree = "<group>"; };
		0141FD792A0EF9E100F1DCD1 /* Settings.swift */ = {isa = PBXFileReference; lastKnownFileType = sourcecode.swift; path = Settings.swift; sourceTree = "<group>"; };
		0141FD7C2A0EFA6900F1DCD1 /* ColumnStepper.swift */ = {isa = PBXFileReference; lastKnownFileType = sourcecode.swift; path = ColumnStepper.swift; sourceTree = "<group>"; };
		0141FD7E2A0EFA9800F1DCD1 /* GridItemView.swift */ = {isa = PBXFileReference; lastKnownFileType = sourcecode.swift; path = GridItemView.swift; sourceTree = "<group>"; };
		0141FD812A0F338600F1DCD1 /* Async.swift */ = {isa = PBXFileReference; lastKnownFileType = sourcecode.swift; path = Async.swift; sourceTree = "<group>"; };
		019CB3BE2A0EE98900A44D5A /* Monitor.app */ = {isa = PBXFileReference; explicitFileType = wrapper.application; includeInIndex = 0; path = Monitor.app; sourceTree = BUILT_PRODUCTS_DIR; };
		019CB3C12A0EE98900A44D5A /* MonitorApp.swift */ = {isa = PBXFileReference; lastKnownFileType = sourcecode.swift; path = MonitorApp.swift; sourceTree = "<group>"; };
		019CB3C52A0EE98A00A44D5A /* Assets.xcassets */ = {isa = PBXFileReference; lastKnownFileType = folder.assetcatalog; path = Assets.xcassets; sourceTree = "<group>"; };
		019CB3C82A0EE98A00A44D5A /* Preview Assets.xcassets */ = {isa = PBXFileReference; lastKnownFileType = folder.assetcatalog; path = "Preview Assets.xcassets"; sourceTree = "<group>"; };
		019CB3CE2A0EE98A00A44D5A /* MonitorTests.xctest */ = {isa = PBXFileReference; explicitFileType = wrapper.cfbundle; includeInIndex = 0; path = MonitorTests.xctest; sourceTree = BUILT_PRODUCTS_DIR; };
		019CB3D22A0EE98A00A44D5A /* MonitorTests.swift */ = {isa = PBXFileReference; lastKnownFileType = sourcecode.swift; path = MonitorTests.swift; sourceTree = "<group>"; };
		019CB3D82A0EE98A00A44D5A /* MonitorUITests.xctest */ = {isa = PBXFileReference; explicitFileType = wrapper.cfbundle; includeInIndex = 0; path = MonitorUITests.xctest; sourceTree = BUILT_PRODUCTS_DIR; };
		019CB3DC2A0EE98A00A44D5A /* MonitorUITests.swift */ = {isa = PBXFileReference; lastKnownFileType = sourcecode.swift; path = MonitorUITests.swift; sourceTree = "<group>"; };
		019CB3DE2A0EE98A00A44D5A /* MonitorUITestsLaunchTests.swift */ = {isa = PBXFileReference; lastKnownFileType = sourcecode.swift; path = MonitorUITestsLaunchTests.swift; sourceTree = "<group>"; };
		019CB3EC2A0EEBF900A44D5A /* App.swift */ = {isa = PBXFileReference; lastKnownFileType = sourcecode.swift; path = App.swift; sourceTree = "<group>"; };
/* End PBXFileReference section */

/* Begin PBXFrameworksBuildPhase section */
		019CB3BB2A0EE98900A44D5A /* Frameworks */ = {
			isa = PBXFrameworksBuildPhase;
			buildActionMask = 2147483647;
			files = (
			);
			runOnlyForDeploymentPostprocessing = 0;
		};
		019CB3CB2A0EE98A00A44D5A /* Frameworks */ = {
			isa = PBXFrameworksBuildPhase;
			buildActionMask = 2147483647;
			files = (
			);
			runOnlyForDeploymentPostprocessing = 0;
		};
		019CB3D52A0EE98A00A44D5A /* Frameworks */ = {
			isa = PBXFrameworksBuildPhase;
			buildActionMask = 2147483647;
			files = (
			);
			runOnlyForDeploymentPostprocessing = 0;
		};
/* End PBXFrameworksBuildPhase section */

/* Begin PBXGroup section */
		0141FD4E2A0EED9100F1DCD1 /* library */ = {
			isa = PBXGroup;
			children = (
				0141FD802A0F337B00F1DCD1 /* image */,
				0141FD7B2A0EFA4900F1DCD1 /* column */,
				0141FD642A0EF03900F1DCD1 /* secure */,
				0141FD632A0EF03200F1DCD1 /* request */,
				0141FD582A0EEDF400F1DCD1 /* totp */,
				0141FD552A0EEDD900F1DCD1 /* model */,
				0141FD4F2A0EED9600F1DCD1 /* extensions */,
			);
			path = library;
			sourceTree = "<group>";
		};
		0141FD4F2A0EED9600F1DCD1 /* extensions */ = {
			isa = PBXGroup;
			children = (
				0141FD512A0EEDB100F1DCD1 /* Date.swift */,
				0141FD532A0EEDC800F1DCD1 /* URL.swift */,
			);
			path = extensions;
			sourceTree = "<group>";
		};
		0141FD552A0EEDD900F1DCD1 /* model */ = {
			isa = PBXGroup;
			children = (
				0141FD562A0EEDE300F1DCD1 /* Item.swift */,
			);
			path = model;
			sourceTree = "<group>";
		};
		0141FD582A0EEDF400F1DCD1 /* totp */ = {
			isa = PBXGroup;
			children = (
				0141FD592A0EEDFD00F1DCD1 /* TOTP.swift */,
			);
			path = totp;
			sourceTree = "<group>";
		};
		0141FD5B2A0EEE3800F1DCD1 /* settings */ = {
			isa = PBXGroup;
			children = (
				0141FD722A0EF75B00F1DCD1 /* general */,
				0141FD5C2A0EEE3D00F1DCD1 /* link */,
				0141FD792A0EF9E100F1DCD1 /* Settings.swift */,
			);
			path = settings;
			sourceTree = "<group>";
		};
		0141FD5C2A0EEE3D00F1DCD1 /* link */ = {
			isa = PBXGroup;
			children = (
				0141FD5D2A0EEE4700F1DCD1 /* Link.swift */,
				0141FD5F2A0EEE5E00F1DCD1 /* PrivateKey.swift */,
				0141FD612A0EEE7F00F1DCD1 /* Server.swift */,
			);
			path = link;
			sourceTree = "<group>";
		};
		0141FD632A0EF03200F1DCD1 /* request */ = {
			isa = PBXGroup;
			children = (
				0141FD702A0EF3E700F1DCD1 /* ItemList.swift */,
			);
			path = request;
			sourceTree = "<group>";
		};
		0141FD642A0EF03900F1DCD1 /* secure */ = {
			isa = PBXGroup;
			children = (
				0141FD652A0EF05200F1DCD1 /* ImageSecure.swift */,
				0141FD672A0EF05A00F1DCD1 /* VideoSecure.swift */,
				0141FD692A0EF07400F1DCD1 /* RequestSecure.swift */,
			);
			path = secure;
			sourceTree = "<group>";
		};
		0141FD6B2A0EF27400F1DCD1 /* modules */ = {
			isa = PBXGroup;
			children = (
				0141FD6D2A0EF29100F1DCD1 /* home */,
				0141FD5B2A0EEE3800F1DCD1 /* settings */,
			);
			path = modules;
			sourceTree = "<group>";
		};
		0141FD6D2A0EF29100F1DCD1 /* home */ = {
			isa = PBXGroup;
			children = (
				0141FD6E2A0EF2B200F1DCD1 /* DetailView.swift */,
				0141FD772A0EF9A400F1DCD1 /* ContentView.swift */,
				0141FD7E2A0EFA9800F1DCD1 /* GridItemView.swift */,
			);
			path = home;
			sourceTree = "<group>";
		};
		0141FD722A0EF75B00F1DCD1 /* general */ = {
			isa = PBXGroup;
			children = (
				0141FD732A0EF78300F1DCD1 /* General.swift */,
				0141FD752A0EF78E00F1DCD1 /* PageLength.swift */,
			);
			path = general;
			sourceTree = "<group>";
		};
		0141FD7B2A0EFA4900F1DCD1 /* column */ = {
			isa = PBXGroup;
			children = (
				0141FD7C2A0EFA6900F1DCD1 /* ColumnStepper.swift */,
			);
			path = column;
			sourceTree = "<group>";
		};
		0141FD802A0F337B00F1DCD1 /* image */ = {
			isa = PBXGroup;
			children = (
				0141FD812A0F338600F1DCD1 /* Async.swift */,
			);
			path = image;
			sourceTree = "<group>";
		};
		019CB3B52A0EE98900A44D5A = {
			isa = PBXGroup;
			children = (
				019CB3C02A0EE98900A44D5A /* Monitor */,
				019CB3D12A0EE98A00A44D5A /* MonitorTests */,
				019CB3DB2A0EE98A00A44D5A /* MonitorUITests */,
				019CB3BF2A0EE98900A44D5A /* Products */,
			);
			sourceTree = "<group>";
		};
		019CB3BF2A0EE98900A44D5A /* Products */ = {
			isa = PBXGroup;
			children = (
				019CB3BE2A0EE98900A44D5A /* Monitor.app */,
				019CB3CE2A0EE98A00A44D5A /* MonitorTests.xctest */,
				019CB3D82A0EE98A00A44D5A /* MonitorUITests.xctest */,
			);
			name = Products;
			sourceTree = "<group>";
		};
		019CB3C02A0EE98900A44D5A /* Monitor */ = {
			isa = PBXGroup;
			children = (
				0141FD6B2A0EF27400F1DCD1 /* modules */,
				0141FD4E2A0EED9100F1DCD1 /* library */,
				019CB3EB2A0EEBE500A44D5A /* conf */,
				019CB3C12A0EE98900A44D5A /* MonitorApp.swift */,
				019CB3C52A0EE98A00A44D5A /* Assets.xcassets */,
				019CB3C72A0EE98A00A44D5A /* Preview Content */,
			);
			path = Monitor;
			sourceTree = "<group>";
		};
		019CB3C72A0EE98A00A44D5A /* Preview Content */ = {
			isa = PBXGroup;
			children = (
				019CB3C82A0EE98A00A44D5A /* Preview Assets.xcassets */,
			);
			path = "Preview Content";
			sourceTree = "<group>";
		};
		019CB3D12A0EE98A00A44D5A /* MonitorTests */ = {
			isa = PBXGroup;
			children = (
				019CB3D22A0EE98A00A44D5A /* MonitorTests.swift */,
			);
			path = MonitorTests;
			sourceTree = "<group>";
		};
		019CB3DB2A0EE98A00A44D5A /* MonitorUITests */ = {
			isa = PBXGroup;
			children = (
				019CB3DC2A0EE98A00A44D5A /* MonitorUITests.swift */,
				019CB3DE2A0EE98A00A44D5A /* MonitorUITestsLaunchTests.swift */,
			);
			path = MonitorUITests;
			sourceTree = "<group>";
		};
		019CB3EB2A0EEBE500A44D5A /* conf */ = {
			isa = PBXGroup;
			children = (
				019CB3EC2A0EEBF900A44D5A /* App.swift */,
			);
			path = conf;
			sourceTree = "<group>";
		};
/* End PBXGroup section */

/* Begin PBXNativeTarget section */
		019CB3BD2A0EE98900A44D5A /* Monitor */ = {
			isa = PBXNativeTarget;
			buildConfigurationList = 019CB3E22A0EE98A00A44D5A /* Build configuration list for PBXNativeTarget "Monitor" */;
			buildPhases = (
				019CB3BA2A0EE98900A44D5A /* Sources */,
				019CB3BB2A0EE98900A44D5A /* Frameworks */,
				019CB3BC2A0EE98900A44D5A /* Resources */,
			);
			buildRules = (
			);
			dependencies = (
			);
			name = Monitor;
			productName = Monitor;
			productReference = 019CB3BE2A0EE98900A44D5A /* Monitor.app */;
			productType = "com.apple.product-type.application";
		};
		019CB3CD2A0EE98A00A44D5A /* MonitorTests */ = {
			isa = PBXNativeTarget;
			buildConfigurationList = 019CB3E52A0EE98A00A44D5A /* Build configuration list for PBXNativeTarget "MonitorTests" */;
			buildPhases = (
				019CB3CA2A0EE98A00A44D5A /* Sources */,
				019CB3CB2A0EE98A00A44D5A /* Frameworks */,
				019CB3CC2A0EE98A00A44D5A /* Resources */,
			);
			buildRules = (
			);
			dependencies = (
				019CB3D02A0EE98A00A44D5A /* PBXTargetDependency */,
			);
			name = MonitorTests;
			productName = MonitorTests;
			productReference = 019CB3CE2A0EE98A00A44D5A /* MonitorTests.xctest */;
			productType = "com.apple.product-type.bundle.unit-test";
		};
		019CB3D72A0EE98A00A44D5A /* MonitorUITests */ = {
			isa = PBXNativeTarget;
			buildConfigurationList = 019CB3E82A0EE98A00A44D5A /* Build configuration list for PBXNativeTarget "MonitorUITests" */;
			buildPhases = (
				019CB3D42A0EE98A00A44D5A /* Sources */,
				019CB3D52A0EE98A00A44D5A /* Frameworks */,
				019CB3D62A0EE98A00A44D5A /* Resources */,
			);
			buildRules = (
			);
			dependencies = (
				019CB3DA2A0EE98A00A44D5A /* PBXTargetDependency */,
			);
			name = MonitorUITests;
			productName = MonitorUITests;
			productReference = 019CB3D82A0EE98A00A44D5A /* MonitorUITests.xctest */;
			productType = "com.apple.product-type.bundle.ui-testing";
		};
/* End PBXNativeTarget section */

/* Begin PBXProject section */
		019CB3B62A0EE98900A44D5A /* Project object */ = {
			isa = PBXProject;
			attributes = {
				BuildIndependentTargetsInParallel = 1;
				LastSwiftUpdateCheck = 1430;
				LastUpgradeCheck = 1430;
				TargetAttributes = {
					019CB3BD2A0EE98900A44D5A = {
						CreatedOnToolsVersion = 14.3;
					};
					019CB3CD2A0EE98A00A44D5A = {
						CreatedOnToolsVersion = 14.3;
						TestTargetID = 019CB3BD2A0EE98900A44D5A;
					};
					019CB3D72A0EE98A00A44D5A = {
						CreatedOnToolsVersion = 14.3;
						TestTargetID = 019CB3BD2A0EE98900A44D5A;
					};
				};
			};
			buildConfigurationList = 019CB3B92A0EE98900A44D5A /* Build configuration list for PBXProject "Monitor" */;
			compatibilityVersion = "Xcode 14.0";
			developmentRegion = en;
			hasScannedForEncodings = 0;
			knownRegions = (
				en,
				Base,
			);
			mainGroup = 019CB3B52A0EE98900A44D5A;
			productRefGroup = 019CB3BF2A0EE98900A44D5A /* Products */;
			projectDirPath = "";
			projectRoot = "";
			targets = (
				019CB3BD2A0EE98900A44D5A /* Monitor */,
				019CB3CD2A0EE98A00A44D5A /* MonitorTests */,
				019CB3D72A0EE98A00A44D5A /* MonitorUITests */,
			);
		};
/* End PBXProject section */

/* Begin PBXResourcesBuildPhase section */
		019CB3BC2A0EE98900A44D5A /* Resources */ = {
			isa = PBXResourcesBuildPhase;
			buildActionMask = 2147483647;
			files = (
				019CB3C92A0EE98A00A44D5A /* Preview Assets.xcassets in Resources */,
				019CB3C62A0EE98A00A44D5A /* Assets.xcassets in Resources */,
			);
			runOnlyForDeploymentPostprocessing = 0;
		};
		019CB3CC2A0EE98A00A44D5A /* Resources */ = {
			isa = PBXResourcesBuildPhase;
			buildActionMask = 2147483647;
			files = (
			);
			runOnlyForDeploymentPostprocessing = 0;
		};
		019CB3D62A0EE98A00A44D5A /* Resources */ = {
			isa = PBXResourcesBuildPhase;
			buildActionMask = 2147483647;
			files = (
			);
			runOnlyForDeploymentPostprocessing = 0;
		};
/* End PBXResourcesBuildPhase section */

/* Begin PBXSourcesBuildPhase section */
		019CB3BA2A0EE98900A44D5A /* Sources */ = {
			isa = PBXSourcesBuildPhase;
			buildActionMask = 2147483647;
			files = (
				0141FD622A0EEE7F00F1DCD1 /* Server.swift in Sources */,
				0141FD7D2A0EFA6900F1DCD1 /* ColumnStepper.swift in Sources */,
				0141FD712A0EF3E700F1DCD1 /* ItemList.swift in Sources */,
				0141FD662A0EF05200F1DCD1 /* ImageSecure.swift in Sources */,
				0141FD762A0EF78E00F1DCD1 /* PageLength.swift in Sources */,
				0141FD542A0EEDC800F1DCD1 /* URL.swift in Sources */,
				0141FD6F2A0EF2B200F1DCD1 /* DetailView.swift in Sources */,
				019CB3ED2A0EEBF900A44D5A /* App.swift in Sources */,
				0141FD742A0EF78300F1DCD1 /* General.swift in Sources */,
				0141FD7F2A0EFA9800F1DCD1 /* GridItemView.swift in Sources */,
				0141FD822A0F338600F1DCD1 /* Async.swift in Sources */,
				0141FD5E2A0EEE4700F1DCD1 /* Link.swift in Sources */,
				0141FD6A2A0EF07400F1DCD1 /* RequestSecure.swift in Sources */,
				0141FD682A0EF05A00F1DCD1 /* VideoSecure.swift in Sources */,
				0141FD5A2A0EEDFD00F1DCD1 /* TOTP.swift in Sources */,
				0141FD602A0EEE5E00F1DCD1 /* PrivateKey.swift in Sources */,
				0141FD782A0EF9A400F1DCD1 /* ContentView.swift in Sources */,
				019CB3C22A0EE98900A44D5A /* MonitorApp.swift in Sources */,
				0141FD572A0EEDE300F1DCD1 /* Item.swift in Sources */,
				0141FD522A0EEDB100F1DCD1 /* Date.swift in Sources */,
				0141FD7A2A0EF9E100F1DCD1 /* Settings.swift in Sources */,
			);
			runOnlyForDeploymentPostprocessing = 0;
		};
		019CB3CA2A0EE98A00A44D5A /* Sources */ = {
			isa = PBXSourcesBuildPhase;
			buildActionMask = 2147483647;
			files = (
				019CB3D32A0EE98A00A44D5A /* MonitorTests.swift in Sources */,
			);
			runOnlyForDeploymentPostprocessing = 0;
		};
		019CB3D42A0EE98A00A44D5A /* Sources */ = {
			isa = PBXSourcesBuildPhase;
			buildActionMask = 2147483647;
			files = (
				019CB3DD2A0EE98A00A44D5A /* MonitorUITests.swift in Sources */,
				019CB3DF2A0EE98A00A44D5A /* MonitorUITestsLaunchTests.swift in Sources */,
			);
			runOnlyForDeploymentPostprocessing = 0;
		};
/* End PBXSourcesBuildPhase section */

/* Begin PBXTargetDependency section */
		019CB3D02A0EE98A00A44D5A /* PBXTargetDependency */ = {
			isa = PBXTargetDependency;
			target = 019CB3BD2A0EE98900A44D5A /* Monitor */;
			targetProxy = 019CB3CF2A0EE98A00A44D5A /* PBXContainerItemProxy */;
		};
		019CB3DA2A0EE98A00A44D5A /* PBXTargetDependency */ = {
			isa = PBXTargetDependency;
			target = 019CB3BD2A0EE98900A44D5A /* Monitor */;
			targetProxy = 019CB3D92A0EE98A00A44D5A /* PBXContainerItemProxy */;
		};
/* End PBXTargetDependency section */

/* Begin XCBuildConfiguration section */
		019CB3E02A0EE98A00A44D5A /* Debug */ = {
			isa = XCBuildConfiguration;
			buildSettings = {
				ALWAYS_SEARCH_USER_PATHS = NO;
				CLANG_ANALYZER_NONNULL = YES;
				CLANG_ANALYZER_NUMBER_OBJECT_CONVERSION = YES_AGGRESSIVE;
				CLANG_CXX_LANGUAGE_STANDARD = "gnu++20";
				CLANG_ENABLE_MODULES = YES;
				CLANG_ENABLE_OBJC_ARC = YES;
				CLANG_ENABLE_OBJC_WEAK = YES;
				CLANG_WARN_BLOCK_CAPTURE_AUTORELEASING = YES;
				CLANG_WARN_BOOL_CONVERSION = YES;
				CLANG_WARN_COMMA = YES;
				CLANG_WARN_CONSTANT_CONVERSION = YES;
				CLANG_WARN_DEPRECATED_OBJC_IMPLEMENTATIONS = YES;
				CLANG_WARN_DIRECT_OBJC_ISA_USAGE = YES_ERROR;
				CLANG_WARN_DOCUMENTATION_COMMENTS = YES;
				CLANG_WARN_EMPTY_BODY = YES;
				CLANG_WARN_ENUM_CONVERSION = YES;
				CLANG_WARN_INFINITE_RECURSION = YES;
				CLANG_WARN_INT_CONVERSION = YES;
				CLANG_WARN_NON_LITERAL_NULL_CONVERSION = YES;
				CLANG_WARN_OBJC_IMPLICIT_RETAIN_SELF = YES;
				CLANG_WARN_OBJC_LITERAL_CONVERSION = YES;
				CLANG_WARN_OBJC_ROOT_CLASS = YES_ERROR;
				CLANG_WARN_QUOTED_INCLUDE_IN_FRAMEWORK_HEADER = YES;
				CLANG_WARN_RANGE_LOOP_ANALYSIS = YES;
				CLANG_WARN_STRICT_PROTOTYPES = YES;
				CLANG_WARN_SUSPICIOUS_MOVE = YES;
				CLANG_WARN_UNGUARDED_AVAILABILITY = YES_AGGRESSIVE;
				CLANG_WARN_UNREACHABLE_CODE = YES;
				CLANG_WARN__DUPLICATE_METHOD_MATCH = YES;
				COPY_PHASE_STRIP = NO;
				DEBUG_INFORMATION_FORMAT = dwarf;
				ENABLE_STRICT_OBJC_MSGSEND = YES;
				ENABLE_TESTABILITY = YES;
				GCC_C_LANGUAGE_STANDARD = gnu11;
				GCC_DYNAMIC_NO_PIC = NO;
				GCC_NO_COMMON_BLOCKS = YES;
				GCC_OPTIMIZATION_LEVEL = 0;
				GCC_PREPROCESSOR_DEFINITIONS = (
					"DEBUG=1",
					"$(inherited)",
				);
				GCC_WARN_64_TO_32_BIT_CONVERSION = YES;
				GCC_WARN_ABOUT_RETURN_TYPE = YES_ERROR;
				GCC_WARN_UNDECLARED_SELECTOR = YES;
				GCC_WARN_UNINITIALIZED_AUTOS = YES_AGGRESSIVE;
				GCC_WARN_UNUSED_FUNCTION = YES;
				GCC_WARN_UNUSED_VARIABLE = YES;
				IPHONEOS_DEPLOYMENT_TARGET = 16.4;
				MTL_ENABLE_DEBUG_INFO = INCLUDE_SOURCE;
				MTL_FAST_MATH = YES;
				ONLY_ACTIVE_ARCH = YES;
				SDKROOT = iphoneos;
				SWIFT_ACTIVE_COMPILATION_CONDITIONS = DEBUG;
				SWIFT_OPTIMIZATION_LEVEL = "-Onone";
			};
			name = Debug;
		};
		019CB3E12A0EE98A00A44D5A /* Release */ = {
			isa = XCBuildConfiguration;
			buildSettings = {
				ALWAYS_SEARCH_USER_PATHS = NO;
				CLANG_ANALYZER_NONNULL = YES;
				CLANG_ANALYZER_NUMBER_OBJECT_CONVERSION = YES_AGGRESSIVE;
				CLANG_CXX_LANGUAGE_STANDARD = "gnu++20";
				CLANG_ENABLE_MODULES = YES;
				CLANG_ENABLE_OBJC_ARC = YES;
				CLANG_ENABLE_OBJC_WEAK = YES;
				CLANG_WARN_BLOCK_CAPTURE_AUTORELEASING = YES;
				CLANG_WARN_BOOL_CONVERSION = YES;
				CLANG_WARN_COMMA = YES;
				CLANG_WARN_CONSTANT_CONVERSION = YES;
				CLANG_WARN_DEPRECATED_OBJC_IMPLEMENTATIONS = YES;
				CLANG_WARN_DIRECT_OBJC_ISA_USAGE = YES_ERROR;
				CLANG_WARN_DOCUMENTATION_COMMENTS = YES;
				CLANG_WARN_EMPTY_BODY = YES;
				CLANG_WARN_ENUM_CONVERSION = YES;
				CLANG_WARN_INFINITE_RECURSION = YES;
				CLANG_WARN_INT_CONVERSION = YES;
				CLANG_WARN_NON_LITERAL_NULL_CONVERSION = YES;
				CLANG_WARN_OBJC_IMPLICIT_RETAIN_SELF = YES;
				CLANG_WARN_OBJC_LITERAL_CONVERSION = YES;
				CLANG_WARN_OBJC_ROOT_CLASS = YES_ERROR;
				CLANG_WARN_QUOTED_INCLUDE_IN_FRAMEWORK_HEADER = YES;
				CLANG_WARN_RANGE_LOOP_ANALYSIS = YES;
				CLANG_WARN_STRICT_PROTOTYPES = YES;
				CLANG_WARN_SUSPICIOUS_MOVE = YES;
				CLANG_WARN_UNGUARDED_AVAILABILITY = YES_AGGRESSIVE;
				CLANG_WARN_UNREACHABLE_CODE = YES;
				CLANG_WARN__DUPLICATE_METHOD_MATCH = YES;
				COPY_PHASE_STRIP = NO;
				DEBUG_INFORMATION_FORMAT = "dwarf-with-dsym";
				ENABLE_NS_ASSERTIONS = NO;
				ENABLE_STRICT_OBJC_MSGSEND = YES;
				GCC_C_LANGUAGE_STANDARD = gnu11;
				GCC_NO_COMMON_BLOCKS = YES;
				GCC_WARN_64_TO_32_BIT_CONVERSION = YES;
				GCC_WARN_ABOUT_RETURN_TYPE = YES_ERROR;
				GCC_WARN_UNDECLARED_SELECTOR = YES;
				GCC_WARN_UNINITIALIZED_AUTOS = YES_AGGRESSIVE;
				GCC_WARN_UNUSED_FUNCTION = YES;
				GCC_WARN_UNUSED_VARIABLE = YES;
				IPHONEOS_DEPLOYMENT_TARGET = 16.4;
				MTL_ENABLE_DEBUG_INFO = NO;
				MTL_FAST_MATH = YES;
				SDKROOT = iphoneos;
				SWIFT_COMPILATION_MODE = wholemodule;
				SWIFT_OPTIMIZATION_LEVEL = "-O";
				VALIDATE_PRODUCT = YES;
			};
			name = Release;
		};
		019CB3E32A0EE98A00A44D5A /* Debug */ = {
			isa = XCBuildConfiguration;
			buildSettings = {
				ASSETCATALOG_COMPILER_APPICON_NAME = AppIcon;
				ASSETCATALOG_COMPILER_GLOBAL_ACCENT_COLOR_NAME = AccentColor;
				CODE_SIGN_STYLE = Automatic;
				CURRENT_PROJECT_VERSION = 1;
				DEVELOPMENT_ASSET_PATHS = "\"Monitor/Preview Content\"";
				ENABLE_PREVIEWS = YES;
				GENERATE_INFOPLIST_FILE = YES;
				INFOPLIST_KEY_UIApplicationSceneManifest_Generation = YES;
				INFOPLIST_KEY_UIApplicationSupportsIndirectInputEvents = YES;
				INFOPLIST_KEY_UILaunchScreen_Generation = YES;
				INFOPLIST_KEY_UISupportedInterfaceOrientations_iPad = "UIInterfaceOrientationPortrait UIInterfaceOrientationPortraitUpsideDown UIInterfaceOrientationLandscapeLeft UIInterfaceOrientationLandscapeRight";
				INFOPLIST_KEY_UISupportedInterfaceOrientations_iPhone = "UIInterfaceOrientationPortrait UIInterfaceOrientationLandscapeLeft UIInterfaceOrientationLandscapeRight";
				LD_RUNPATH_SEARCH_PATHS = (
					"$(inherited)",
					"@executable_path/Frameworks",
				);
				MARKETING_VERSION = 1.0;
				PRODUCT_BUNDLE_IDENTIFIER = "Ziwei-Li.Monitor";
				PRODUCT_NAME = "$(TARGET_NAME)";
				SWIFT_EMIT_LOC_STRINGS = YES;
				SWIFT_VERSION = 5.0;
				TARGETED_DEVICE_FAMILY = "1,2";
			};
			name = Debug;
		};
		019CB3E42A0EE98A00A44D5A /* Release */ = {
			isa = XCBuildConfiguration;
			buildSettings = {
				ASSETCATALOG_COMPILER_APPICON_NAME = AppIcon;
				ASSETCATALOG_COMPILER_GLOBAL_ACCENT_COLOR_NAME = AccentColor;
				CODE_SIGN_STYLE = Automatic;
				CURRENT_PROJECT_VERSION = 1;
				DEVELOPMENT_ASSET_PATHS = "\"Monitor/Preview Content\"";
				ENABLE_PREVIEWS = YES;
				GENERATE_INFOPLIST_FILE = YES;
				INFOPLIST_KEY_UIApplicationSceneManifest_Generation = YES;
				INFOPLIST_KEY_UIApplicationSupportsIndirectInputEvents = YES;
				INFOPLIST_KEY_UILaunchScreen_Generation = YES;
				INFOPLIST_KEY_UISupportedInterfaceOrientations_iPad = "UIInterfaceOrientationPortrait UIInterfaceOrientationPortraitUpsideDown UIInterfaceOrientationLandscapeLeft UIInterfaceOrientationLandscapeRight";
				INFOPLIST_KEY_UISupportedInterfaceOrientations_iPhone = "UIInterfaceOrientationPortrait UIInterfaceOrientationLandscapeLeft UIInterfaceOrientationLandscapeRight";
				LD_RUNPATH_SEARCH_PATHS = (
					"$(inherited)",
					"@executable_path/Frameworks",
				);
				MARKETING_VERSION = 1.0;
				PRODUCT_BUNDLE_IDENTIFIER = "Ziwei-Li.Monitor";
				PRODUCT_NAME = "$(TARGET_NAME)";
				SWIFT_EMIT_LOC_STRINGS = YES;
				SWIFT_VERSION = 5.0;
				TARGETED_DEVICE_FAMILY = "1,2";
			};
			name = Release;
		};
		019CB3E62A0EE98A00A44D5A /* Debug */ = {
			isa = XCBuildConfiguration;
			buildSettings = {
				ALWAYS_EMBED_SWIFT_STANDARD_LIBRARIES = YES;
				BUNDLE_LOADER = "$(TEST_HOST)";
				CODE_SIGN_STYLE = Automatic;
				CURRENT_PROJECT_VERSION = 1;
				GENERATE_INFOPLIST_FILE = YES;
				IPHONEOS_DEPLOYMENT_TARGET = 16.4;
				MARKETING_VERSION = 1.0;
				PRODUCT_BUNDLE_IDENTIFIER = "Ziwei-Li.MonitorTests";
				PRODUCT_NAME = "$(TARGET_NAME)";
				SWIFT_EMIT_LOC_STRINGS = NO;
				SWIFT_VERSION = 5.0;
				TARGETED_DEVICE_FAMILY = "1,2";
				TEST_HOST = "$(BUILT_PRODUCTS_DIR)/Monitor.app/$(BUNDLE_EXECUTABLE_FOLDER_PATH)/Monitor";
			};
			name = Debug;
		};
		019CB3E72A0EE98A00A44D5A /* Release */ = {
			isa = XCBuildConfiguration;
			buildSettings = {
				ALWAYS_EMBED_SWIFT_STANDARD_LIBRARIES = YES;
				BUNDLE_LOADER = "$(TEST_HOST)";
				CODE_SIGN_STYLE = Automatic;
				CURRENT_PROJECT_VERSION = 1;
				GENERATE_INFOPLIST_FILE = YES;
				IPHONEOS_DEPLOYMENT_TARGET = 16.4;
				MARKETING_VERSION = 1.0;
				PRODUCT_BUNDLE_IDENTIFIER = "Ziwei-Li.MonitorTests";
				PRODUCT_NAME = "$(TARGET_NAME)";
				SWIFT_EMIT_LOC_STRINGS = NO;
				SWIFT_VERSION = 5.0;
				TARGETED_DEVICE_FAMILY = "1,2";
				TEST_HOST = "$(BUILT_PRODUCTS_DIR)/Monitor.app/$(BUNDLE_EXECUTABLE_FOLDER_PATH)/Monitor";
			};
			name = Release;
		};
		019CB3E92A0EE98A00A44D5A /* Debug */ = {
			isa = XCBuildConfiguration;
			buildSettings = {
				ALWAYS_EMBED_SWIFT_STANDARD_LIBRARIES = YES;
				CODE_SIGN_STYLE = Automatic;
				CURRENT_PROJECT_VERSION = 1;
				GENERATE_INFOPLIST_FILE = YES;
				MARKETING_VERSION = 1.0;
				PRODUCT_BUNDLE_IDENTIFIER = "Ziwei-Li.MonitorUITests";
				PRODUCT_NAME = "$(TARGET_NAME)";
				SWIFT_EMIT_LOC_STRINGS = NO;
				SWIFT_VERSION = 5.0;
				TARGETED_DEVICE_FAMILY = "1,2";
				TEST_TARGET_NAME = Monitor;
			};
			name = Debug;
		};
		019CB3EA2A0EE98A00A44D5A /* Release */ = {
			isa = XCBuildConfiguration;
			buildSettings = {
				ALWAYS_EMBED_SWIFT_STANDARD_LIBRARIES = YES;
				CODE_SIGN_STYLE = Automatic;
				CURRENT_PROJECT_VERSION = 1;
				GENERATE_INFOPLIST_FILE = YES;
				MARKETING_VERSION = 1.0;
				PRODUCT_BUNDLE_IDENTIFIER = "Ziwei-Li.MonitorUITests";
				PRODUCT_NAME = "$(TARGET_NAME)";
				SWIFT_EMIT_LOC_STRINGS = NO;
				SWIFT_VERSION = 5.0;
				TARGETED_DEVICE_FAMILY = "1,2";
				TEST_TARGET_NAME = Monitor;
			};
			name = Release;
		};
/* End XCBuildConfiguration section */

/* Begin XCConfigurationList section */
		019CB3B92A0EE98900A44D5A /* Build configuration list for PBXProject "Monitor" */ = {
			isa = XCConfigurationList;
			buildConfigurations = (
				019CB3E02A0EE98A00A44D5A /* Debug */,
				019CB3E12A0EE98A00A44D5A /* Release */,
			);
			defaultConfigurationIsVisible = 0;
			defaultConfigurationName = Release;
		};
		019CB3E22A0EE98A00A44D5A /* Build configuration list for PBXNativeTarget "Monitor" */ = {
			isa = XCConfigurationList;
			buildConfigurations = (
				019CB3E32A0EE98A00A44D5A /* Debug */,
				019CB3E42A0EE98A00A44D5A /* Release */,
			);
			defaultConfigurationIsVisible = 0;
			defaultConfigurationName = Release;
		};
		019CB3E52A0EE98A00A44D5A /* Build configuration list for PBXNativeTarget "MonitorTests" */ = {
			isa = XCConfigurationList;
			buildConfigurations = (
				019CB3E62A0EE98A00A44D5A /* Debug */,
				019CB3E72A0EE98A00A44D5A /* Release */,
			);
			defaultConfigurationIsVisible = 0;
			defaultConfigurationName = Release;
		};
		019CB3E82A0EE98A00A44D5A /* Build configuration list for PBXNativeTarget "MonitorUITests" */ = {
			isa = XCConfigurationList;
			buildConfigurations = (
				019CB3E92A0EE98A00A44D5A /* Debug */,
				019CB3EA2A0EE98A00A44D5A /* Release */,
			);
			defaultConfigurationIsVisible = 0;
			defaultConfigurationName = Release;
		};
/* End XCConfigurationList section */
	};
	rootObject = 019CB3B62A0EE98900A44D5A /* Project object */;
}
